// !$*UTF8*$!
{
	archiveVersion = 1;
	classes = {
	};
	objectVersion = 46;
	objects = {

/* Begin PBXBuildFile section */
		6287CCD31CDBE78400455375 /* main.m in Sources */ = {isa = PBXBuildFile; fileRef = 6287CCD21CDBE78400455375 /* main.m */; };
		6287CCD61CDBE78400455375 /* AppDelegate.m in Sources */ = {isa = PBXBuildFile; fileRef = 6287CCD51CDBE78400455375 /* AppDelegate.m */; };
		6287CCD91CDBE78400455375 /* ViewController.m in Sources */ = {isa = PBXBuildFile; fileRef = 6287CCD81CDBE78400455375 /* ViewController.m */; };
		6287CCDC1CDBE78400455375 /* Main.storyboard in Resources */ = {isa = PBXBuildFile; fileRef = 6287CCDA1CDBE78400455375 /* Main.storyboard */; };
		6287CCE11CDBE78400455375 /* Assets.xcassets in Resources */ = {isa = PBXBuildFile; fileRef = 6287CCE01CDBE78400455375 /* Assets.xcassets */; };
		6287CCE41CDBE78400455375 /* LaunchScreen.storyboard in Resources */ = {isa = PBXBuildFile; fileRef = 6287CCE21CDBE78400455375 /* LaunchScreen.storyboard */; };
		6287CCEE1CDBE7BA00455375 /* MapKit.framework in Frameworks */ = {isa = PBXBuildFile; fileRef = 6287CCED1CDBE7BA00455375 /* MapKit.framework */; };
		6287CCF01CDBE7C300455375 /* SystemConfiguration.framework in Frameworks */ = {isa = PBXBuildFile; fileRef = 6287CCEF1CDBE7C300455375 /* SystemConfiguration.framework */; };
		6287CCF51CDCD62400455375 /* Reachability.m in Sources */ = {isa = PBXBuildFile; fileRef = 6287CCF41CDCD62400455375 /* Reachability.m */; };
		6287CCF81CDCFA8400455375 /* Precincts.m in Sources */ = {isa = PBXBuildFile; fileRef = 6287CCF71CDCFA8400455375 /* Precincts.m */; };
		6287CD011CDFB8F000455375 /* Licenses.m in Sources */ = {isa = PBXBuildFile; fileRef = 6287CD001CDFB8F000455375 /* Licenses.m */; };
		6287CD041CDFF8D200455375 /* Homocides.m in Sources */ = {isa = PBXBuildFile; fileRef = 6287CD031CDFF8D200455375 /* Homocides.m */; };
		62EB17D91CE109AB00A1A0D6 /* MyPin.m in Sources */ = {isa = PBXBuildFile; fileRef = 62EB17D81CE109AB00A1A0D6 /* MyPin.m */; };
/* End PBXBuildFile section */

/* Begin PBXFileReference section */
		6287CCCE1CDBE78400455375 /* CrimeStoppers.app */ = {isa = PBXFileReference; explicitFileType = wrapper.application; includeInIndex = 0; path = CrimeStoppers.app; sourceTree = BUILT_PRODUCTS_DIR; };
		6287CCD21CDBE78400455375 /* main.m */ = {isa = PBXFileReference; lastKnownFileType = sourcecode.c.objc; path = main.m; sourceTree = "<group>"; };
		6287CCD41CDBE78400455375 /* AppDelegate.h */ = {isa = PBXFileReference; lastKnownFileType = sourcecode.c.h; path = AppDelegate.h; sourceTree = "<group>"; };
		6287CCD51CDBE78400455375 /* AppDelegate.m */ = {isa = PBXFileReference; lastKnownFileType = sourcecode.c.objc; path = AppDelegate.m; sourceTree = "<group>"; };
		6287CCD71CDBE78400455375 /* ViewController.h */ = {isa = PBXFileReference; lastKnownFileType = sourcecode.c.h; path = ViewController.h; sourceTree = "<group>"; };
		6287CCD81CDBE78400455375 /* ViewController.m */ = {isa = PBXFileReference; lastKnownFileType = sourcecode.c.objc; path = ViewController.m; sourceTree = "<group>"; };
		6287CCDB1CDBE78400455375 /* Base */ = {isa = PBXFileReference; lastKnownFileType = file.storyboard; name = Base; path = Base.lproj/Main.storyboard; sourceTree = "<group>"; };
		6287CCE01CDBE78400455375 /* Assets.xcassets */ = {isa = PBXFileReference; lastKnownFileType = folder.assetcatalog; path = Assets.xcassets; sourceTree = "<group>"; };
		6287CCE31CDBE78400455375 /* Base */ = {isa = PBXFileReference; lastKnownFileType = file.storyboard; name = Base; path = Base.lproj/LaunchScreen.storyboard; sourceTree = "<group>"; };
		6287CCE51CDBE78400455375 /* Info.plist */ = {isa = PBXFileReference; lastKnownFileType = text.plist.xml; path = Info.plist; sourceTree = "<group>"; };
		6287CCEB1CDBE7B300455375 /* CoreLocation.framework */ = {isa = PBXFileReference; lastKnownFileType = wrapper.framework; name = CoreLocation.framework; path = System/Library/Frameworks/CoreLocation.framework; sourceTree = SDKROOT; };
		6287CCED1CDBE7BA00455375 /* MapKit.framework */ = {isa = PBXFileReference; lastKnownFileType = wrapper.framework; name = MapKit.framework; path = System/Library/Frameworks/MapKit.framework; sourceTree = SDKROOT; };
		6287CCEF1CDBE7C300455375 /* SystemConfiguration.framework */ = {isa = PBXFileReference; lastKnownFileType = wrapper.framework; name = SystemConfiguration.framework; path = System/Library/Frameworks/SystemConfiguration.framework; sourceTree = SDKROOT; };
		6287CCF11CDBE7CC00455375 /* Social.framework */ = {isa = PBXFileReference; lastKnownFileType = wrapper.framework; name = Social.framework; path = System/Library/Frameworks/Social.framework; sourceTree = SDKROOT; };
		6287CCF31CDCD62400455375 /* Reachability.h */ = {isa = PBXFileReference; fileEncoding = 4; lastKnownFileType = sourcecode.c.h; path = Reachability.h; sourceTree = "<group>"; };
		6287CCF41CDCD62400455375 /* Reachability.m */ = {isa = PBXFileReference; fileEncoding = 4; lastKnownFileType = sourcecode.c.objc; path = Reachability.m; sourceTree = "<group>"; };
		6287CCF61CDCFA8400455375 /* Precincts.h */ = {isa = PBXFileReference; fileEncoding = 4; lastKnownFileType = sourcecode.c.h; path = Precincts.h; sourceTree = "<group>"; };
		6287CCF71CDCFA8400455375 /* Precincts.m */ = {isa = PBXFileReference; fileEncoding = 4; lastKnownFileType = sourcecode.c.objc; path = Precincts.m; sourceTree = "<group>"; };
		6287CCFF1CDFB8F000455375 /* Licenses.h */ = {isa = PBXFileReference; fileEncoding = 4; lastKnownFileType = sourcecode.c.h; path = Licenses.h; sourceTree = "<group>"; };
		6287CD001CDFB8F000455375 /* Licenses.m */ = {isa = PBXFileReference; fileEncoding = 4; lastKnownFileType = sourcecode.c.objc; path = Licenses.m; sourceTree = "<group>"; };
		6287CD021CDFF8D200455375 /* Homocides.h */ = {isa = PBXFileReference; fileEncoding = 4; lastKnownFileType = sourcecode.c.h; path = Homocides.h; sourceTree = "<group>"; };
		6287CD031CDFF8D200455375 /* Homocides.m */ = {isa = PBXFileReference; fileEncoding = 4; lastKnownFileType = sourcecode.c.objc; path = Homocides.m; sourceTree = "<group>"; };
		62EB17D71CE109AB00A1A0D6 /* MyPin.h */ = {isa = PBXFileReference; fileEncoding = 4; lastKnownFileType = sourcecode.c.h; path = MyPin.h; sourceTree = "<group>"; };
		62EB17D81CE109AB00A1A0D6 /* MyPin.m */ = {isa = PBXFileReference; fileEncoding = 4; lastKnownFileType = sourcecode.c.objc; path = MyPin.m; sourceTree = "<group>"; };
/* End PBXFileReference section */

/* Begin PBXFrameworksBuildPhase section */
		6287CCCB1CDBE78400455375 /* Frameworks */ = {
			isa = PBXFrameworksBuildPhase;
			buildActionMask = 2147483647;
			files = (
				6287CCF01CDBE7C300455375 /* SystemConfiguration.framework in Frameworks */,
				6287CCEE1CDBE7BA00455375 /* MapKit.framework in Frameworks */,
			);
			runOnlyForDeploymentPostprocessing = 0;
		};
/* End PBXFrameworksBuildPhase section */

/* Begin PBXGroup section */
		6287CCC51CDBE78400455375 = {
			isa = PBXGroup;
			children = (
				6287CCF11CDBE7CC00455375 /* Social.framework */,
				6287CCEF1CDBE7C300455375 /* SystemConfiguration.framework */,
				6287CCED1CDBE7BA00455375 /* MapKit.framework */,
				6287CCEB1CDBE7B300455375 /* CoreLocation.framework */,
				6287CCD01CDBE78400455375 /* CrimeStoppers */,
				6287CCCF1CDBE78400455375 /* Products */,
			);
			sourceTree = "<group>";
		};
		6287CCCF1CDBE78400455375 /* Products */ = {
			isa = PBXGroup;
			children = (
				6287CCCE1CDBE78400455375 /* CrimeStoppers.app */,
			);
			name = Products;
			sourceTree = "<group>";
		};
		6287CCD01CDBE78400455375 /* CrimeStoppers */ = {
			isa = PBXGroup;
			children = (
				6287CCD41CDBE78400455375 /* AppDelegate.h */,
				6287CCD51CDBE78400455375 /* AppDelegate.m */,
				6287CCD71CDBE78400455375 /* ViewController.h */,
				6287CCD81CDBE78400455375 /* ViewController.m */,
				6287CCDA1CDBE78400455375 /* Main.storyboard */,
				6287CCE01CDBE78400455375 /* Assets.xcassets */,
				6287CCE21CDBE78400455375 /* LaunchScreen.storyboard */,
				6287CCE51CDBE78400455375 /* Info.plist */,
				6287CD021CDFF8D200455375 /* Homocides.h */,
				6287CD031CDFF8D200455375 /* Homocides.m */,
				6287CCFF1CDFB8F000455375 /* Licenses.h */,
				6287CD001CDFB8F000455375 /* Licenses.m */,
				6287CCF61CDCFA8400455375 /* Precincts.h */,
				6287CCF71CDCFA8400455375 /* Precincts.m */,
				62EB17D71CE109AB00A1A0D6 /* MyPin.h */,
				62EB17D81CE109AB00A1A0D6 /* MyPin.m */,
				6287CCF31CDCD62400455375 /* Reachability.h */,
				6287CCF41CDCD62400455375 /* Reachability.m */,
				6287CCD11CDBE78400455375 /* Supporting Files */,
			);
			path = CrimeStoppers;
			sourceTree = "<group>";
		};
		6287CCD11CDBE78400455375 /* Supporting Files */ = {
			isa = PBXGroup;
			children = (
				6287CCD21CDBE78400455375 /* main.m */,
			);
			name = "Supporting Files";
			sourceTree = "<group>";
		};
/* End PBXGroup section */

/* Begin PBXNativeTarget section */
		6287CCCD1CDBE78400455375 /* CrimeStoppers */ = {
			isa = PBXNativeTarget;
			buildConfigurationList = 6287CCE81CDBE78400455375 /* Build configuration list for PBXNativeTarget "CrimeStoppers" */;
			buildPhases = (
				6287CCCA1CDBE78400455375 /* Sources */,
				6287CCCB1CDBE78400455375 /* Frameworks */,
				6287CCCC1CDBE78400455375 /* Resources */,
			);
			buildRules = (
			);
			dependencies = (
			);
			name = CrimeStoppers;
			productName = CrimeStoppers;
			productReference = 6287CCCE1CDBE78400455375 /* CrimeStoppers.app */;
			productType = "com.apple.product-type.application";
		};
/* End PBXNativeTarget section */

/* Begin PBXProject section */
		6287CCC61CDBE78400455375 /* Project object */ = {
			isa = PBXProject;
			attributes = {
				LastUpgradeCheck = 0730;
				ORGANIZATIONNAME = "Demond Childers";
				TargetAttributes = {
					6287CCCD1CDBE78400455375 = {
						CreatedOnToolsVersion = 7.3;
						DevelopmentTeam = MHL7GC47Y6;
					};
				};
			};
			buildConfigurationList = 6287CCC91CDBE78400455375 /* Build configuration list for PBXProject "CrimeStoppers" */;
			compatibilityVersion = "Xcode 3.2";
			developmentRegion = English;
			hasScannedForEncodings = 0;
			knownRegions = (
				en,
				Base,
			);
			mainGroup = 6287CCC51CDBE78400455375;
			productRefGroup = 6287CCCF1CDBE78400455375 /* Products */;
			projectDirPath = "";
			projectRoot = "";
			targets = (
				6287CCCD1CDBE78400455375 /* CrimeStoppers */,
			);
		};
/* End PBXProject section */

/* Begin PBXResourcesBuildPhase section */
		6287CCCC1CDBE78400455375 /* Resources */ = {
			isa = PBXResourcesBuildPhase;
			buildActionMask = 2147483647;
			files = (
				6287CCE41CDBE78400455375 /* LaunchScreen.storyboard in Resources */,
				6287CCE11CDBE78400455375 /* Assets.xcassets in Resources */,
				6287CCDC1CDBE78400455375 /* Main.storyboard in Resources */,
			);
			runOnlyForDeploymentPostprocessing = 0;
		};
/* End PBXResourcesBuildPhase section */

/* Begin PBXSourcesBuildPhase section */
		6287CCCA1CDBE78400455375 /* Sources */ = {
			isa = PBXSourcesBuildPhase;
			buildActionMask = 2147483647;
			files = (
				6287CCD91CDBE78400455375 /* ViewController.m in Sources */,
				6287CCD61CDBE78400455375 /* AppDelegate.m in Sources */,
				6287CD041CDFF8D200455375 /* Homocides.m in Sources */,
				6287CCD31CDBE78400455375 /* main.m in Sources */,
				6287CCF51CDCD62400455375 /* Reachability.m in Sources */,
				6287CCF81CDCFA8400455375 /* Precincts.m in Sources */,
				6287CD011CDFB8F000455375 /* Licenses.m in Sources */,
				62EB17D91CE109AB00A1A0D6 /* MyPin.m in Sources */,
			);
			runOnlyForDeploymentPostprocessing = 0;
		};
/* End PBXSourcesBuildPhase section */

/* Begin PBXVariantGroup section */
		6287CCDA1CDBE78400455375 /* Main.storyboard */ = {
			isa = PBXVariantGroup;
			children = (
				6287CCDB1CDBE78400455375 /* Base */,
			);
			name = Main.storyboard;
			sourceTree = "<group>";
		};
		6287CCE21CDBE78400455375 /* LaunchScreen.storyboard */ = {
			isa = PBXVariantGroup;
			children = (
				6287CCE31CDBE78400455375 /* Base */,
			);
			name = LaunchScreen.storyboard;
			sourceTree = "<group>";
		};
/* End PBXVariantGroup section */

/* Begin XCBuildConfiguration section */
		6287CCE61CDBE78400455375 /* Debug */ = {
			isa = XCBuildConfiguration;
			buildSettings = {
				ALWAYS_SEARCH_USER_PATHS = NO;
				CLANG_ANALYZER_NONNULL = YES;
				CLANG_CXX_LANGUAGE_STANDARD = "gnu++0x";
				CLANG_CXX_LIBRARY = "libc++";
				CLANG_ENABLE_MODULES = YES;
				CLANG_ENABLE_OBJC_ARC = YES;
				CLANG_WARN_BOOL_CONVERSION = YES;
				CLANG_WARN_CONSTANT_CONVERSION = YES;
				CLANG_WARN_DIRECT_OBJC_ISA_USAGE = YES_ERROR;
				CLANG_WARN_EMPTY_BODY = YES;
				CLANG_WARN_ENUM_CONVERSION = YES;
				CLANG_WARN_INT_CONVERSION = YES;
				CLANG_WARN_OBJC_ROOT_CLASS = YES_ERROR;
				CLANG_WARN_UNREACHABLE_CODE = YES;
				CLANG_WARN__DUPLICATE_METHOD_MATCH = YES;
				"CODE_SIGN_IDENTITY[sdk=iphoneos*]" = "iPhone Developer";
				COPY_PHASE_STRIP = NO;
				DEBUG_INFORMATION_FORMAT = dwarf;
				ENABLE_STRICT_OBJC_MSGSEND = YES;
				ENABLE_TESTABILITY = YES;
				GCC_C_LANGUAGE_STANDARD = gnu99;
				GCC_DYNAMIC_NO_PIC = NO;
				GCC_NO_COMMON_BLOCKS = YES;
				GCC_OPTIMIZATION_LEVEL = 0;
				GCC_PREPROCESSOR_DEFINITIONS = (
					"DEBUG=1",
					"$(inherited)",
				);
				GCC_WARN_64_TO_32_BIT_CONVERSION = YES;
				GCC_WARN_ABOUT_RETURN_TYPE = YES_ERROR;
				GCC_WARN_UNDECLARED_SELECTOR = YES;
				GCC_WARN_UNINITIALIZED_AUTOS = YES_AGGRESSIVE;
				GCC_WARN_UNUSED_FUNCTION = YES;
				GCC_WARN_UNUSED_VARIABLE = YES;
				IPHONEOS_DEPLOYMENT_TARGET = 9.3;
				MTL_ENABLE_DEBUG_INFO = YES;
				ONLY_ACTIVE_ARCH = YES;
				SDKROOT = iphoneos;
				TARGETED_DEVICE_FAMILY = "1,2";
			};
			name = Debug;
		};
		6287CCE71CDBE78400455375 /* Release */ = {
			isa = XCBuildConfiguration;
			buildSettings = {
				ALWAYS_SEARCH_USER_PATHS = NO;
				CLANG_ANALYZER_NONNULL = YES;
				CLANG_CXX_LANGUAGE_STANDARD = "gnu++0x";
				CLANG_CXX_LIBRARY = "libc++";
				CLANG_ENABLE_MODULES = YES;
				CLANG_ENABLE_OBJC_ARC = YES;
				CLANG_WARN_BOOL_CONVERSION = YES;
				CLANG_WARN_CONSTANT_CONVERSION = YES;
				CLANG_WARN_DIRECT_OBJC_ISA_USAGE = YES_ERROR;
				CLANG_WARN_EMPTY_BODY = YES;
				CLANG_WARN_ENUM_CONVERSION = YES;
				CLANG_WARN_INT_CONVERSION = YES;
				CLANG_WARN_OBJC_ROOT_CLASS = YES_ERROR;
				CLANG_WARN_UNREACHABLE_CODE = YES;
				CLANG_WARN__DUPLICATE_METHOD_MATCH = YES;
				"CODE_SIGN_IDENTITY[sdk=iphoneos*]" = "iPhone Developer";
				COPY_PHASE_STRIP = NO;
				DEBUG_INFORMATION_FORMAT = "dwarf-with-dsym";
				ENABLE_NS_ASSERTIONS = NO;
				ENABLE_STRICT_OBJC_MSGSEND = YES;
				GCC_C_LANGUAGE_STANDARD = gnu99;
				GCC_NO_COMMON_BLOCKS = YES;
				GCC_WARN_64_TO_32_BIT_CONVERSION = YES;
				GCC_WARN_ABOUT_RETURN_TYPE = YES_ERROR;
				GCC_WARN_UNDECLARED_SELECTOR = YES;
				GCC_WARN_UNINITIALIZED_AUTOS = YES_AGGRESSIVE;
				GCC_WARN_UNUSED_FUNCTION = YES;
				GCC_WARN_UNUSED_VARIABLE = YES;
				IPHONEOS_DEPLOYMENT_TARGET = 9.3;
				MTL_ENABLE_DEBUG_INFO = NO;
				SDKROOT = iphoneos;
				TARGETED_DEVICE_FAMILY = "1,2";
				VALIDATE_PRODUCT = YES;
			};
			name = Release;
		};
		6287CCE91CDBE78400455375 /* Debug */ = {
			isa = XCBuildConfiguration;
			buildSettings = {
				ASSETCATALOG_COMPILER_APPICON_NAME = AppIcon;
				INFOPLIST_FILE = CrimeStoppers/Info.plist;
				LD_RUNPATH_SEARCH_PATHS = "$(inherited) @executable_path/Frameworks";
				PRODUCT_BUNDLE_IDENTIFIER = com.Childers.CrimeStoppers;
				PRODUCT_NAME = "$(TARGET_NAME)";
			};
			name = Debug;
		};
		6287CCEA1CDBE78400455375 /* Release */ = {
			isa = XCBuildConfiguration;
			buildSettings = {
				ASSETCATALOG_COMPILER_APPICON_NAME = AppIcon;
				INFOPLIST_FILE = CrimeStoppers/Info.plist;
				LD_RUNPATH_SEARCH_PATHS = "$(inherited) @executable_path/Frameworks";
				PRODUCT_BUNDLE_IDENTIFIER = com.Childers.CrimeStoppers;
				PRODUCT_NAME = "$(TARGET_NAME)";
			};
			name = Release;
		};
/* End XCBuildConfiguration section */

/* Begin XCConfigurationList section */
		6287CCC91CDBE78400455375 /* Build configuration list for PBXProject "CrimeStoppers" */ = {
			isa = XCConfigurationList;
			buildConfigurations = (
				6287CCE61CDBE78400455375 /* Debug */,
				6287CCE71CDBE78400455375 /* Release */,
			);
			defaultConfigurationIsVisible = 0;
			defaultConfigurationName = Release;
		};
		6287CCE81CDBE78400455375 /* Build configuration list for PBXNativeTarget "CrimeStoppers" */ = {
			isa = XCConfigurationList;
			buildConfigurations = (
				6287CCE91CDBE78400455375 /* Debug */,
				6287CCEA1CDBE78400455375 /* Release */,
			);
			defaultConfigurationIsVisible = 0;
			defaultConfigurationName = Release;
		};
/* End XCConfigurationList section */
	};
	rootObject = 6287CCC61CDBE78400455375 /* Project object */;
}
